{
  "version": 4,
  "terraform_version": "1.11.1",
  "serial": 128,
  "lineage": "9150e72e-d746-85cd-de0c-5c98deedb89e",
  "outputs": {},
  "resources": [
    {
      "module": "module.ec2_instance[\"1\"]",
      "mode": "data",
      "type": "aws_iam_policy_document",
      "name": "assume_role_policy",
      "provider": "provider[\"registry.terraform.io/hashicorp/aws\"]",
      "instances": []
    },
    {
      "module": "module.ec2_instance[\"1\"]",
      "mode": "data",
      "type": "aws_subnet",
      "name": "this",
      "provider": "provider[\"registry.terraform.io/hashicorp/aws\"]",
      "instances": []
    },
    {
      "module": "module.ec2_instance[\"1\"]",
      "mode": "managed",
      "type": "aws_ec2_tag",
      "name": "spot_instance",
      "provider": "provider[\"registry.terraform.io/hashicorp/aws\"]",
      "instances": []
    },
    {
      "module": "module.ec2_instance[\"1\"]",
      "mode": "managed",
      "type": "aws_iam_instance_profile",
      "name": "this",
      "provider": "provider[\"registry.terraform.io/hashicorp/aws\"]",
      "instances": []
    },
    {
      "module": "module.ec2_instance[\"1\"]",
      "mode": "managed",
      "type": "aws_iam_role",
      "name": "this",
      "provider": "provider[\"registry.terraform.io/hashicorp/aws\"]",
      "instances": []
    },
    {
      "module": "module.ec2_instance[\"1\"]",
      "mode": "managed",
      "type": "aws_iam_role_policy_attachment",
      "name": "this",
      "provider": "provider[\"registry.terraform.io/hashicorp/aws\"]",
      "instances": []
    },
    {
      "module": "module.ec2_instance[\"1\"]",
      "mode": "managed",
      "type": "aws_instance",
      "name": "ignore_ami",
      "provider": "provider[\"registry.terraform.io/hashicorp/aws\"]",
      "instances": []
    },
    {
      "module": "module.ec2_instance[\"1\"]",
      "mode": "managed",
      "type": "aws_security_group",
      "name": "this",
      "provider": "provider[\"registry.terraform.io/hashicorp/aws\"]",
      "instances": []
    },
    {
      "module": "module.ec2_instance[\"1\"]",
      "mode": "managed",
      "type": "aws_spot_instance_request",
      "name": "this",
      "provider": "provider[\"registry.terraform.io/hashicorp/aws\"]",
      "instances": []
    },
    {
      "module": "module.ec2_instance[\"1\"]",
      "mode": "managed",
      "type": "aws_vpc_security_group_egress_rule",
      "name": "this",
      "provider": "provider[\"registry.terraform.io/hashicorp/aws\"]",
      "instances": []
    },
    {
      "module": "module.ec2_instance[\"1\"]",
      "mode": "managed",
      "type": "aws_vpc_security_group_ingress_rule",
      "name": "this",
      "provider": "provider[\"registry.terraform.io/hashicorp/aws\"]",
      "instances": []
    },
    {
      "module": "module.ec2_instance[\"2\"]",
      "mode": "data",
      "type": "aws_iam_policy_document",
      "name": "assume_role_policy",
      "provider": "provider[\"registry.terraform.io/hashicorp/aws\"]",
      "instances": []
    },
    {
      "module": "module.ec2_instance[\"2\"]",
      "mode": "data",
      "type": "aws_subnet",
      "name": "this",
      "provider": "provider[\"registry.terraform.io/hashicorp/aws\"]",
      "instances": []
    },
    {
      "module": "module.ec2_instance[\"2\"]",
      "mode": "managed",
      "type": "aws_ec2_tag",
      "name": "spot_instance",
      "provider": "provider[\"registry.terraform.io/hashicorp/aws\"]",
      "instances": []
    },
    {
      "module": "module.ec2_instance[\"2\"]",
      "mode": "managed",
      "type": "aws_iam_instance_profile",
      "name": "this",
      "provider": "provider[\"registry.terraform.io/hashicorp/aws\"]",
      "instances": []
    },
    {
      "module": "module.ec2_instance[\"2\"]",
      "mode": "managed",
      "type": "aws_iam_role",
      "name": "this",
      "provider": "provider[\"registry.terraform.io/hashicorp/aws\"]",
      "instances": []
    },
    {
      "module": "module.ec2_instance[\"2\"]",
      "mode": "managed",
      "type": "aws_iam_role_policy_attachment",
      "name": "this",
      "provider": "provider[\"registry.terraform.io/hashicorp/aws\"]",
      "instances": []
    },
    {
      "module": "module.ec2_instance[\"2\"]",
      "mode": "managed",
      "type": "aws_instance",
      "name": "ignore_ami",
      "provider": "provider[\"registry.terraform.io/hashicorp/aws\"]",
      "instances": []
    },
    {
      "module": "module.ec2_instance[\"2\"]",
      "mode": "managed",
      "type": "aws_security_group",
      "name": "this",
      "provider": "provider[\"registry.terraform.io/hashicorp/aws\"]",
      "instances": []
    },
    {
      "module": "module.ec2_instance[\"2\"]",
      "mode": "managed",
      "type": "aws_spot_instance_request",
      "name": "this",
      "provider": "provider[\"registry.terraform.io/hashicorp/aws\"]",
      "instances": []
    },
    {
      "module": "module.ec2_instance[\"2\"]",
      "mode": "managed",
      "type": "aws_vpc_security_group_egress_rule",
      "name": "this",
      "provider": "provider[\"registry.terraform.io/hashicorp/aws\"]",
      "instances": []
    },
    {
      "module": "module.ec2_instance[\"2\"]",
      "mode": "managed",
      "type": "aws_vpc_security_group_ingress_rule",
      "name": "this",
      "provider": "provider[\"registry.terraform.io/hashicorp/aws\"]",
      "instances": []
    },
    {
      "module": "module.ec2_instance[\"3\"]",
      "mode": "data",
      "type": "aws_iam_policy_document",
      "name": "assume_role_policy",
      "provider": "provider[\"registry.terraform.io/hashicorp/aws\"]",
      "instances": []
    },
    {
      "module": "module.ec2_instance[\"3\"]",
      "mode": "data",
      "type": "aws_subnet",
      "name": "this",
      "provider": "provider[\"registry.terraform.io/hashicorp/aws\"]",
      "instances": []
    },
    {
      "module": "module.ec2_instance[\"3\"]",
      "mode": "managed",
      "type": "aws_ec2_tag",
      "name": "spot_instance",
      "provider": "provider[\"registry.terraform.io/hashicorp/aws\"]",
      "instances": []
    },
    {
      "module": "module.ec2_instance[\"3\"]",
      "mode": "managed",
      "type": "aws_iam_instance_profile",
      "name": "this",
      "provider": "provider[\"registry.terraform.io/hashicorp/aws\"]",
      "instances": []
    },
    {
      "module": "module.ec2_instance[\"3\"]",
      "mode": "managed",
      "type": "aws_iam_role",
      "name": "this",
      "provider": "provider[\"registry.terraform.io/hashicorp/aws\"]",
      "instances": []
    },
    {
      "module": "module.ec2_instance[\"3\"]",
      "mode": "managed",
      "type": "aws_iam_role_policy_attachment",
      "name": "this",
      "provider": "provider[\"registry.terraform.io/hashicorp/aws\"]",
      "instances": []
    },
    {
      "module": "module.ec2_instance[\"3\"]",
      "mode": "managed",
      "type": "aws_instance",
      "name": "ignore_ami",
      "provider": "provider[\"registry.terraform.io/hashicorp/aws\"]",
      "instances": []
    },
    {
      "module": "module.ec2_instance[\"3\"]",
      "mode": "managed",
      "type": "aws_security_group",
      "name": "this",
      "provider": "provider[\"registry.terraform.io/hashicorp/aws\"]",
      "instances": []
    },
    {
      "module": "module.ec2_instance[\"3\"]",
      "mode": "managed",
      "type": "aws_spot_instance_request",
      "name": "this",
      "provider": "provider[\"registry.terraform.io/hashicorp/aws\"]",
      "instances": []
    },
    {
      "module": "module.ec2_instance[\"3\"]",
      "mode": "managed",
      "type": "aws_vpc_security_group_egress_rule",
      "name": "this",
      "provider": "provider[\"registry.terraform.io/hashicorp/aws\"]",
      "instances": []
    },
    {
      "module": "module.ec2_instance[\"3\"]",
      "mode": "managed",
      "type": "aws_vpc_security_group_ingress_rule",
      "name": "this",
      "provider": "provider[\"registry.terraform.io/hashicorp/aws\"]",
      "instances": []
    },
    {
      "module": "module.lambda.module.lambda_function",
      "mode": "data",
      "type": "aws_arn",
      "name": "log_group_arn",
      "provider": "provider[\"registry.terraform.io/hashicorp/aws\"]",
      "instances": []
    },
    {
      "module": "module.lambda.module.lambda_function",
      "mode": "data",
      "type": "aws_cloudwatch_log_group",
      "name": "lambda",
      "provider": "provider[\"registry.terraform.io/hashicorp/aws\"]",
      "instances": []
    },
    {
      "module": "module.lambda.module.lambda_function",
      "mode": "data",
      "type": "aws_iam_policy",
      "name": "tracing",
      "provider": "provider[\"registry.terraform.io/hashicorp/aws\"]",
      "instances": []
    },
    {
      "module": "module.lambda.module.lambda_function",
      "mode": "data",
      "type": "aws_iam_policy",
      "name": "vpc",
      "provider": "provider[\"registry.terraform.io/hashicorp/aws\"]",
      "instances": []
    },
    {
      "module": "module.lambda.module.lambda_function",
      "mode": "data",
      "type": "aws_iam_policy_document",
      "name": "additional_inline",
      "provider": "provider[\"registry.terraform.io/hashicorp/aws\"]",
      "instances": []
    },
    {
      "module": "module.lambda.module.lambda_function",
      "mode": "data",
      "type": "aws_iam_policy_document",
      "name": "async",
      "provider": "provider[\"registry.terraform.io/hashicorp/aws\"]",
      "instances": []
    },
    {
      "module": "module.lambda.module.lambda_function",
      "mode": "data",
      "type": "aws_iam_policy_document",
      "name": "dead_letter",
      "provider": "provider[\"registry.terraform.io/hashicorp/aws\"]",
      "instances": []
    },
    {
      "module": "module.lambda.module.lambda_function",
      "mode": "managed",
      "type": "aws_iam_role_policy",
      "name": "additional_inline",
      "provider": "provider[\"registry.terraform.io/hashicorp/aws\"]",
      "instances": []
    },
    {
      "module": "module.lambda.module.lambda_function",
      "mode": "managed",
      "type": "aws_iam_role_policy",
      "name": "additional_jsons",
      "provider": "provider[\"registry.terraform.io/hashicorp/aws\"]",
      "instances": []
    },
    {
      "module": "module.lambda.module.lambda_function",
      "mode": "managed",
      "type": "aws_iam_role_policy",
      "name": "async",
      "provider": "provider[\"registry.terraform.io/hashicorp/aws\"]",
      "instances": []
    },
    {
      "module": "module.lambda.module.lambda_function",
      "mode": "managed",
      "type": "aws_iam_role_policy",
      "name": "dead_letter",
      "provider": "provider[\"registry.terraform.io/hashicorp/aws\"]",
      "instances": []
    },
    {
      "module": "module.lambda.module.lambda_function",
      "mode": "managed",
      "type": "aws_iam_role_policy",
      "name": "tracing",
      "provider": "provider[\"registry.terraform.io/hashicorp/aws\"]",
      "instances": []
    },
    {
      "module": "module.lambda.module.lambda_function",
      "mode": "managed",
      "type": "aws_iam_role_policy",
      "name": "vpc",
      "provider": "provider[\"registry.terraform.io/hashicorp/aws\"]",
      "instances": []
    },
    {
      "module": "module.lambda.module.lambda_function",
      "mode": "managed",
      "type": "aws_iam_role_policy_attachment",
      "name": "additional_many",
      "provider": "provider[\"registry.terraform.io/hashicorp/aws\"]",
      "instances": []
    },
    {
      "module": "module.lambda.module.lambda_function",
      "mode": "managed",
      "type": "aws_iam_role_policy_attachment",
      "name": "additional_one",
      "provider": "provider[\"registry.terraform.io/hashicorp/aws\"]",
      "instances": []
    },
    {
      "module": "module.lambda.module.lambda_function",
      "mode": "managed",
      "type": "aws_lambda_event_source_mapping",
      "name": "this",
      "provider": "provider[\"registry.terraform.io/hashicorp/aws\"]",
      "instances": []
    },
    {
      "module": "module.lambda.module.lambda_function",
      "mode": "managed",
      "type": "aws_lambda_function_event_invoke_config",
      "name": "this",
      "provider": "provider[\"registry.terraform.io/hashicorp/aws\"]",
      "instances": []
    },
    {
      "module": "module.lambda.module.lambda_function",
      "mode": "managed",
      "type": "aws_lambda_function_recursion_config",
      "name": "this",
      "provider": "provider[\"registry.terraform.io/hashicorp/aws\"]",
      "instances": []
    },
    {
      "module": "module.lambda.module.lambda_function",
      "mode": "managed",
      "type": "aws_lambda_function_url",
      "name": "this",
      "provider": "provider[\"registry.terraform.io/hashicorp/aws\"]",
      "instances": []
    },
    {
      "module": "module.lambda.module.lambda_function",
      "mode": "managed",
      "type": "aws_lambda_layer_version",
      "name": "this",
      "provider": "provider[\"registry.terraform.io/hashicorp/aws\"]",
      "instances": []
    },
    {
      "module": "module.lambda.module.lambda_function",
      "mode": "managed",
      "type": "aws_lambda_permission",
      "name": "current_version_triggers",
      "provider": "provider[\"registry.terraform.io/hashicorp/aws\"]",
      "instances": []
    },
    {
      "module": "module.lambda.module.lambda_function",
      "mode": "managed",
      "type": "aws_lambda_permission",
      "name": "unqualified_alias_triggers",
      "provider": "provider[\"registry.terraform.io/hashicorp/aws\"]",
      "instances": []
    },
    {
      "module": "module.lambda.module.lambda_function",
      "mode": "managed",
      "type": "aws_lambda_provisioned_concurrency_config",
      "name": "current_version",
      "provider": "provider[\"registry.terraform.io/hashicorp/aws\"]",
      "instances": []
    },
    {
      "module": "module.lambda.module.lambda_function",
      "mode": "managed",
      "type": "aws_s3_object",
      "name": "lambda_package",
      "provider": "provider[\"registry.terraform.io/hashicorp/aws\"]",
      "instances": []
    },
    {
      "module": "module.lambda.module.lambda_function",
      "mode": "managed",
      "type": "null_resource",
      "name": "sam_metadata_aws_lambda_function",
      "provider": "provider[\"registry.terraform.io/hashicorp/null\"]",
      "instances": []
    },
    {
      "module": "module.lambda.module.lambda_function",
      "mode": "managed",
      "type": "null_resource",
      "name": "sam_metadata_aws_lambda_layer_version",
      "provider": "provider[\"registry.terraform.io/hashicorp/null\"]",
      "instances": []
    },
    {
      "module": "module.lambda.module.log_bucket",
      "mode": "data",
      "type": "aws_canonical_user_id",
      "name": "this",
      "provider": "provider[\"registry.terraform.io/hashicorp/aws\"]",
      "instances": []
    },
    {
      "module": "module.lambda.module.log_bucket",
      "mode": "data",
      "type": "aws_iam_policy_document",
      "name": "access_log_delivery",
      "provider": "provider[\"registry.terraform.io/hashicorp/aws\"]",
      "instances": []
    },
    {
      "module": "module.lambda.module.log_bucket",
      "mode": "data",
      "type": "aws_iam_policy_document",
      "name": "cloudtrail_log_delivery",
      "provider": "provider[\"registry.terraform.io/hashicorp/aws\"]",
      "instances": []
    },
    {
      "module": "module.lambda.module.log_bucket",
      "mode": "data",
      "type": "aws_iam_policy_document",
      "name": "combined",
      "provider": "provider[\"registry.terraform.io/hashicorp/aws\"]",
      "instances": []
    },
    {
      "module": "module.lambda.module.log_bucket",
      "mode": "data",
      "type": "aws_iam_policy_document",
      "name": "deny_incorrect_encryption_headers",
      "provider": "provider[\"registry.terraform.io/hashicorp/aws\"]",
      "instances": []
    },
    {
      "module": "module.lambda.module.log_bucket",
      "mode": "data",
      "type": "aws_iam_policy_document",
      "name": "deny_incorrect_kms_key_sse",
      "provider": "provider[\"registry.terraform.io/hashicorp/aws\"]",
      "instances": []
    },
    {
      "module": "module.lambda.module.log_bucket",
      "mode": "data",
      "type": "aws_iam_policy_document",
      "name": "deny_insecure_transport",
      "provider": "provider[\"registry.terraform.io/hashicorp/aws\"]",
      "instances": []
    },
    {
      "module": "module.lambda.module.log_bucket",
      "mode": "data",
      "type": "aws_iam_policy_document",
      "name": "deny_ssec_encrypted_object_uploads",
      "provider": "provider[\"registry.terraform.io/hashicorp/aws\"]",
      "instances": []
    },
    {
      "module": "module.lambda.module.log_bucket",
      "mode": "data",
      "type": "aws_iam_policy_document",
      "name": "deny_unencrypted_object_uploads",
      "provider": "provider[\"registry.terraform.io/hashicorp/aws\"]",
      "instances": []
    },
    {
      "module": "module.lambda.module.log_bucket",
      "mode": "data",
      "type": "aws_iam_policy_document",
      "name": "elb_log_delivery",
      "provider": "provider[\"registry.terraform.io/hashicorp/aws\"]",
      "instances": []
    },
    {
      "module": "module.lambda.module.log_bucket",
      "mode": "data",
      "type": "aws_iam_policy_document",
      "name": "inventory_and_analytics_destination_policy",
      "provider": "provider[\"registry.terraform.io/hashicorp/aws\"]",
      "instances": []
    },
    {
      "module": "module.lambda.module.log_bucket",
      "mode": "data",
      "type": "aws_iam_policy_document",
      "name": "lb_log_delivery",
      "provider": "provider[\"registry.terraform.io/hashicorp/aws\"]",
      "instances": []
    },
    {
      "module": "module.lambda.module.log_bucket",
      "mode": "data",
      "type": "aws_iam_policy_document",
      "name": "require_latest_tls",
      "provider": "provider[\"registry.terraform.io/hashicorp/aws\"]",
      "instances": []
    },
    {
      "module": "module.lambda.module.log_bucket",
      "mode": "data",
      "type": "aws_iam_policy_document",
      "name": "waf_log_delivery",
      "provider": "provider[\"registry.terraform.io/hashicorp/aws\"]",
      "instances": []
    },
    {
      "module": "module.lambda.module.log_bucket",
      "mode": "managed",
      "type": "aws_s3_bucket",
      "name": "this",
      "provider": "provider[\"registry.terraform.io/hashicorp/aws\"]",
      "instances": [
        {
          "index_key": 0,
          "schema_version": 0,
          "attributes": {
            "acceleration_status": "",
            "acl": null,
            "arn": "arn:aws:s3:::ec2-auto-backup-log-dev",
            "bucket": "ec2-auto-backup-log-dev",
            "bucket_domain_name": "ec2-auto-backup-log-dev.s3.amazonaws.com",
            "bucket_prefix": "",
            "bucket_region": "us-west-2",
            "bucket_regional_domain_name": "ec2-auto-backup-log-dev.s3.us-west-2.amazonaws.com",
            "cors_rule": [],
            "force_destroy": false,
            "grant": [
              {
                "id": "ba53e08e283985c62b6c6eff5f23d44decac1bf25366ae00839b1034a5eaa343",
                "permissions": [
                  "FULL_CONTROL"
                ],
                "type": "CanonicalUser",
                "uri": ""
              }
            ],
            "hosted_zone_id": "Z3BJ6K6RIION7M",
            "id": "ec2-auto-backup-log-dev",
            "lifecycle_rule": [],
            "logging": [],
            "object_lock_configuration": [],
            "object_lock_enabled": false,
            "policy": "",
            "region": "us-west-2",
            "replication_configuration": [],
            "request_payer": "BucketOwner",
            "server_side_encryption_configuration": [
              {
                "rule": [
                  {
                    "apply_server_side_encryption_by_default": [
                      {
                        "kms_master_key_id": "",
                        "sse_algorithm": "AES256"
                      }
                    ],
                    "bucket_key_enabled": false
                  }
                ]
              }
            ],
            "tags": {},
            "tags_all": {
              "Environment": "dev",
              "Project": "ec2-auto-backup"
            },
            "timeouts": null,
            "versioning": [
              {
                "enabled": false,
                "mfa_delete": false
              }
            ],
            "website": [],
            "website_domain": null,
            "website_endpoint": null
          },
          "sensitive_attributes": [],
          "private": "eyJlMmJmYjczMC1lY2FhLTExZTYtOGY4OC0zNDM2M2JjN2M0YzAiOnsiY3JlYXRlIjoxMjAwMDAwMDAwMDAwLCJkZWxldGUiOjM2MDAwMDAwMDAwMDAsInJlYWQiOjEyMDAwMDAwMDAwMDAsInVwZGF0ZSI6MTIwMDAwMDAwMDAwMH19",
          "create_before_destroy": true
        }
      ]
    },
    {
      "module": "module.lambda.module.log_bucket",
      "mode": "managed",
      "type": "aws_s3_bucket_accelerate_configuration",
      "name": "this",
      "provider": "provider[\"registry.terraform.io/hashicorp/aws\"]",
      "instances": []
    },
    {
      "module": "module.lambda.module.log_bucket",
      "mode": "managed",
      "type": "aws_s3_bucket_acl",
      "name": "this",
      "provider": "provider[\"registry.terraform.io/hashicorp/aws\"]",
      "instances": []
    },
    {
      "module": "module.lambda.module.log_bucket",
      "mode": "managed",
      "type": "aws_s3_bucket_analytics_configuration",
      "name": "this",
      "provider": "provider[\"registry.terraform.io/hashicorp/aws\"]",
      "instances": []
    },
    {
      "module": "module.lambda.module.log_bucket",
      "mode": "managed",
      "type": "aws_s3_bucket_cors_configuration",
      "name": "this",
      "provider": "provider[\"registry.terraform.io/hashicorp/aws\"]",
      "instances": []
    },
    {
      "module": "module.lambda.module.log_bucket",
      "mode": "managed",
      "type": "aws_s3_bucket_intelligent_tiering_configuration",
      "name": "this",
      "provider": "provider[\"registry.terraform.io/hashicorp/aws\"]",
      "instances": []
    },
    {
      "module": "module.lambda.module.log_bucket",
      "mode": "managed",
      "type": "aws_s3_bucket_inventory",
      "name": "this",
      "provider": "provider[\"registry.terraform.io/hashicorp/aws\"]",
      "instances": []
    },
    {
      "module": "module.lambda.module.log_bucket",
      "mode": "managed",
      "type": "aws_s3_bucket_lifecycle_configuration",
      "name": "this",
      "provider": "provider[\"registry.terraform.io/hashicorp/aws\"]",
      "instances": []
    },
    {
      "module": "module.lambda.module.log_bucket",
      "mode": "managed",
      "type": "aws_s3_bucket_logging",
      "name": "this",
      "provider": "provider[\"registry.terraform.io/hashicorp/aws\"]",
      "instances": []
    },
    {
      "module": "module.lambda.module.log_bucket",
      "mode": "managed",
      "type": "aws_s3_bucket_metadata_configuration",
      "name": "this",
      "provider": "provider[\"registry.terraform.io/hashicorp/aws\"]",
      "instances": []
    },
    {
      "module": "module.lambda.module.log_bucket",
      "mode": "managed",
      "type": "aws_s3_bucket_metric",
      "name": "this",
      "provider": "provider[\"registry.terraform.io/hashicorp/aws\"]",
      "instances": []
    },
    {
      "module": "module.lambda.module.log_bucket",
      "mode": "managed",
      "type": "aws_s3_bucket_object_lock_configuration",
      "name": "this",
      "provider": "provider[\"registry.terraform.io/hashicorp/aws\"]",
      "instances": []
    },
    {
      "module": "module.lambda.module.log_bucket",
      "mode": "managed",
      "type": "aws_s3_bucket_ownership_controls",
      "name": "this",
      "provider": "provider[\"registry.terraform.io/hashicorp/aws\"]",
      "instances": []
    },
    {
      "module": "module.lambda.module.log_bucket",
      "mode": "managed",
      "type": "aws_s3_bucket_policy",
      "name": "this",
      "provider": "provider[\"registry.terraform.io/hashicorp/aws\"]",
      "instances": []
    },
    {
      "module": "module.lambda.module.log_bucket",
      "mode": "managed",
      "type": "aws_s3_bucket_replication_configuration",
      "name": "this",
      "provider": "provider[\"registry.terraform.io/hashicorp/aws\"]",
      "instances": []
    },
    {
      "module": "module.lambda.module.log_bucket",
      "mode": "managed",
      "type": "aws_s3_bucket_request_payment_configuration",
      "name": "this",
      "provider": "provider[\"registry.terraform.io/hashicorp/aws\"]",
      "instances": []
    },
    {
      "module": "module.lambda.module.log_bucket",
      "mode": "managed",
      "type": "aws_s3_bucket_server_side_encryption_configuration",
      "name": "this",
      "provider": "provider[\"registry.terraform.io/hashicorp/aws\"]",
      "instances": []
    },
    {
      "module": "module.lambda.module.log_bucket",
      "mode": "managed",
      "type": "aws_s3_bucket_versioning",
      "name": "this",
      "provider": "provider[\"registry.terraform.io/hashicorp/aws\"]",
      "instances": []
    },
    {
      "module": "module.lambda.module.log_bucket",
      "mode": "managed",
      "type": "aws_s3_bucket_website_configuration",
      "name": "this",
      "provider": "provider[\"registry.terraform.io/hashicorp/aws\"]",
      "instances": []
    },
    {
      "module": "module.lambda.module.log_bucket",
      "mode": "managed",
      "type": "aws_s3_directory_bucket",
      "name": "this",
      "provider": "provider[\"registry.terraform.io/hashicorp/aws\"]",
      "instances": []
    }
  ],
  "check_results": null
}
